
Microsoft Visual Studio Solution File, Format Version 12.00
# Visual Studio Version 17
VisualStudioVersion = 17.13.35931.197 d17.13
MinimumVisualStudioVersion = 10.0.40219.1
Project("{FAE04EC0-301F-11D3-BF4B-00C04F79EFBC}") = "Mini_MvcProject", "Mini_MvcProject\Mini_MvcProject.csproj", "{EC34F862-48E1-4D2F-BD4F-454510AAF56B}"
EndProject
Global
	GlobalSection(SolutionConfigurationPlatforms) = preSolution
		Debug|Any CPU = Debug|Any CPU
		Release|Any CPU = Release|Any CPU
	EndGlobalSection
	GlobalSection(ProjectConfigurationPlatforms) = postSolution
		{EC34F862-48E1-4D2F-BD4F-454510AAF56B}.Debug|Any CPU.ActiveCfg = Debug|Any CPU
		{EC34F862-48E1-4D2F-BD4F-454510AAF56B}.Debug|Any CPU.Build.0 = Debug|Any CPU
		{EC34F862-48E1-4D2F-BD4F-454510AAF56B}.Release|Any CPU.ActiveCfg = Release|Any CPU
		{EC34F862-48E1-4D2F-BD4F-454510AAF56B}.Release|Any CPU.Build.0 = Release|Any CPU
	EndGlobalSection
	GlobalSection(SolutionProperties) = preSolution
		HideSolutionNode = FALSE
	EndGlobalSection
	GlobalSection(ExtensibilityGlobals) = postSolution
		SolutionGuid = {91B598B7-C79B-4189-A34D-B0D437EBFC1F}
	EndGlobalSection
EndGlobal
